{
	"name": "filters_data",
	"lockfileVersion": 3,
	"requires": true,
	"packages": {
		"": {
			"dependencies": {
				"@bedrock-oss/bedrock-boost": "0.0.8",
				"@minecraft/server": "1.11.0",
				"@minecraft/server-ui": "1.1.0",
				"@shapescape/storage": "^1.0.6"
			}
		},
		"node_modules/@bedrock-oss/bedrock-boost": {
			"version": "0.0.8",
			"resolved": "https://registry.npmjs.org/@bedrock-oss/bedrock-boost/-/bedrock-boost-0.0.8.tgz",
			"integrity": "sha512-pCa3X6remMCjhC1jfWQJczfxNh+APV0+I7CknDbvwg71w9w5OFg9E2n5tqcGqlZoXbtnGogGWdWaZGdGzqTH6w==",
			"license": "MIT",
			"dependencies": {
				"@minecraft/common": "latest",
				"@minecraft/server": "beta"
			}
		},
		"node_modules/@minecraft/common": {
			"version": "1.2.0",
			"resolved": "https://registry.npmjs.org/@minecraft/common/-/common-1.2.0.tgz",
			"integrity": "sha512-JdmEq4P3Z/FtoBzhLijFgMSVFnFRrUoLwY8DHHrgtFo0mfLTOLTB1RErYjLMsA6b7BGVNxkX/pfFRiH7QZ0XwQ==",
			"license": "MIT"
		},
		"node_modules/@minecraft/server": {
			"version": "1.11.0",
			"resolved": "https://registry.npmjs.org/@minecraft/server/-/server-1.11.0.tgz",
			"integrity": "sha512-sVTKkAR7fgcgRrBrl+QiqlwiL07JTCSRbwSLpkmsPDvgfhH4bQsdPXC8fWZGRxwKikC4/oBxGq5j6pJp87yF6Q==",
			"license": "MIT",
			"dependencies": {
				"@minecraft/common": "^1.1.0"
			}
		},
		"node_modules/@minecraft/server-ui": {
			"version": "1.1.0",
			"resolved": "https://registry.npmjs.org/@minecraft/server-ui/-/server-ui-1.1.0.tgz",
			"integrity": "sha512-Gnf+GHjjT4VFoXEt7qjrfDRipDgc93YcXbgTmdPTQ5Og3DIRD003ahH97tGMZmeNdsB+ymvAquf+o2o9W2pDjw==",
			"license": "MIT",
			"dependencies": {
				"@minecraft/server": "^1.2.0"
			}
		},
		"node_modules/@shapescape/storage": {
			"version": "1.0.6",
			"resolved": "https://registry.npmjs.org/@shapescape/storage/-/storage-1.0.6.tgz",
			"integrity": "sha512-588F4gCoK5nSG2UdLSicLjfIYX34155C5TCcnvkgYSZMCTWKce/5pBzqVMzlTFKaDAudCVVi0U+rLH0Dlmrlhg==",
			"license": "LGPL-3.0-or-later",
			"dependencies": {
				"@minecraft/server": "^1.11.0"
			}
		}
	}
}
